
Microsoft Visual Studio Solution File, Format Version 12.00
# Visual Studio Version 16
VisualStudioVersion = 16.0.30907.101
MinimumVisualStudioVersion = 10.0.40219.1
Project("{FAE04EC0-301F-11D3-BF4B-00C04F79EFBC}") = "TeamCityFirstBuild", "TeamCityFirstBuild\TeamCityFirstBuild.csproj", "{918C1BBD-2455-4637-AFBD-C5B1BFE2559A}"
EndProject
Project("{FAE04EC0-301F-11D3-BF4B-00C04F79EFBC}") = "TeamCityFirstBuild.Tests", "TeamCityFirstBuild.Tests\TeamCityFirstBuild.Tests.csproj", "{74EC37AD-C7E5-403F-B36C-4363A7F7245F}"
EndProject
Global
	GlobalSection(SolutionConfigurationPlatforms) = preSolution
		Debug|Any CPU = Debug|Any CPU
		Release|Any CPU = Release|Any CPU
	EndGlobalSection
	GlobalSection(ProjectConfigurationPlatforms) = postSolution
		{918C1BBD-2455-4637-AFBD-C5B1BFE2559A}.Debug|Any CPU.ActiveCfg = Debug|Any CPU
		{918C1BBD-2455-4637-AFBD-C5B1BFE2559A}.Debug|Any CPU.Build.0 = Debug|Any CPU
		{918C1BBD-2455-4637-AFBD-C5B1BFE2559A}.Release|Any CPU.ActiveCfg = Release|Any CPU
		{918C1BBD-2455-4637-AFBD-C5B1BFE2559A}.Release|Any CPU.Build.0 = Release|Any CPU
		{74EC37AD-C7E5-403F-B36C-4363A7F7245F}.Debug|Any CPU.ActiveCfg = Debug|Any CPU
		{74EC37AD-C7E5-403F-B36C-4363A7F7245F}.Debug|Any CPU.Build.0 = Debug|Any CPU
		{74EC37AD-C7E5-403F-B36C-4363A7F7245F}.Release|Any CPU.ActiveCfg = Release|Any CPU
		{74EC37AD-C7E5-403F-B36C-4363A7F7245F}.Release|Any CPU.Build.0 = Release|Any CPU
	EndGlobalSection
	GlobalSection(SolutionProperties) = preSolution
		HideSolutionNode = FALSE
	EndGlobalSection
	GlobalSection(ExtensibilityGlobals) = postSolution
		SolutionGuid = {3A0CD271-6DEE-495D-B9FD-FFC8E9E310C9}
	EndGlobalSection
EndGlobal
